# Code generated by scarb DO NOT EDIT.
version = 1

[[package]]
name = "land_registry"
version = "0.1.0"
dependencies = [
 "openzeppelin",
]

[[package]]
name = "openzeppelin"
version = "0.8.0"
source = "git+https://github.com/OpenZeppelin/cairo-contracts.git?tag=v0.8.0#6ab91b5cf57d6a7d02f2d5c5abfc7b5712bc8e47"
